
Microsoft Visual Studio Solution File, Format Version 12.00
Project("{FAE04EC0-301F-11D3-BF4B-00C04F79EFBC}") = "Travel Planner", "Travel Planner\Travel Planner.csproj", "{8F9A5A8F-761D-4EDF-A1CC-EE69E6E7744C}"
EndProject
Global
	GlobalSection(SolutionConfigurationPlatforms) = preSolution
		Debug|Any CPU = Debug|Any CPU
		Release|Any CPU = Release|Any CPU
	EndGlobalSection
	GlobalSection(ProjectConfigurationPlatforms) = postSolution
		{8F9A5A8F-761D-4EDF-A1CC-EE69E6E7744C}.Debug|Any CPU.ActiveCfg = Debug|Any CPU
		{8F9A5A8F-761D-4EDF-A1CC-EE69E6E7744C}.Debug|Any CPU.Build.0 = Debug|Any CPU
		{8F9A5A8F-761D-4EDF-A1CC-EE69E6E7744C}.Release|Any CPU.ActiveCfg = Release|Any CPU
		{8F9A5A8F-761D-4EDF-A1CC-EE69E6E7744C}.Release|Any CPU.Build.0 = Release|Any CPU
	EndGlobalSection
EndGlobal
